// !$*UTF8*$!
{
	archiveVersion = 1;
	classes = {
	};
	objectVersion = 51;
	objects = {

/* Begin PBXBuildFile section */
		3999BC87FD79BFD76D00CA0B /* Pods_SqliteDemo.framework in Frameworks */ = {isa = PBXBuildFile; fileRef = C6972A3E8481C7B121C3EA68 /* Pods_SqliteDemo.framework */; };
		79D8A09E255FF194002DB90B /* AppDelegate.swift in Sources */ = {isa = PBXBuildFile; fileRef = 79D8A09D255FF194002DB90B /* AppDelegate.swift */; };
		79D8A0A0255FF194002DB90B /* SceneDelegate.swift in Sources */ = {isa = PBXBuildFile; fileRef = 79D8A09F255FF194002DB90B /* SceneDelegate.swift */; };
		79D8A0A5255FF194002DB90B /* Main.storyboard in Resources */ = {isa = PBXBuildFile; fileRef = 79D8A0A3255FF194002DB90B /* Main.storyboard */; };
		79D8A0A7255FF195002DB90B /* Assets.xcassets in Resources */ = {isa = PBXBuildFile; fileRef = 79D8A0A6255FF195002DB90B /* Assets.xcassets */; };
		79D8A0AA255FF195002DB90B /* LaunchScreen.storyboard in Resources */ = {isa = PBXBuildFile; fileRef = 79D8A0A8255FF195002DB90B /* LaunchScreen.storyboard */; };
		79D8A0BC255FF2A5002DB90B /* SqliteUtils.swift in Sources */ = {isa = PBXBuildFile; fileRef = 79D8A0BB255FF2A5002DB90B /* SqliteUtils.swift */; };
		79D8A0BF255FF2AE002DB90B /* PersonModel.swift in Sources */ = {isa = PBXBuildFile; fileRef = 79D8A0BE255FF2AE002DB90B /* PersonModel.swift */; };
		79D8A0C3255FF2BD002DB90B /* ViewController.swift in Sources */ = {isa = PBXBuildFile; fileRef = 79D8A0C2255FF2BD002DB90B /* ViewController.swift */; };
/* End PBXBuildFile section */

/* Begin PBXFileReference section */
		79D8A09A255FF194002DB90B /* SqliteDemo.app */ = {isa = PBXFileReference; explicitFileType = wrapper.application; includeInIndex = 0; path = SqliteDemo.app; sourceTree = BUILT_PRODUCTS_DIR; };
		79D8A09D255FF194002DB90B /* AppDelegate.swift */ = {isa = PBXFileReference; lastKnownFileType = sourcecode.swift; path = AppDelegate.swift; sourceTree = "<group>"; };
		79D8A09F255FF194002DB90B /* SceneDelegate.swift */ = {isa = PBXFileReference; lastKnownFileType = sourcecode.swift; path = SceneDelegate.swift; sourceTree = "<group>"; };
		79D8A0A4255FF194002DB90B /* Base */ = {isa = PBXFileReference; lastKnownFileType = file.storyboard; name = Base; path = Base.lproj/Main.storyboard; sourceTree = "<group>"; };
		79D8A0A6255FF195002DB90B /* Assets.xcassets */ = {isa = PBXFileReference; lastKnownFileType = folder.assetcatalog; path = Assets.xcassets; sourceTree = "<group>"; };
		79D8A0A9255FF195002DB90B /* Base */ = {isa = PBXFileReference; lastKnownFileType = file.storyboard; name = Base; path = Base.lproj/LaunchScreen.storyboard; sourceTree = "<group>"; };
		79D8A0AB255FF195002DB90B /* Info.plist */ = {isa = PBXFileReference; lastKnownFileType = text.plist.xml; path = Info.plist; sourceTree = "<group>"; };
		79D8A0BB255FF2A5002DB90B /* SqliteUtils.swift */ = {isa = PBXFileReference; fileEncoding = 4; lastKnownFileType = sourcecode.swift; path = SqliteUtils.swift; sourceTree = "<group>"; };
		79D8A0BE255FF2AE002DB90B /* PersonModel.swift */ = {isa = PBXFileReference; fileEncoding = 4; lastKnownFileType = sourcecode.swift; path = PersonModel.swift; sourceTree = "<group>"; };
		79D8A0C2255FF2BD002DB90B /* ViewController.swift */ = {isa = PBXFileReference; fileEncoding = 4; lastKnownFileType = sourcecode.swift; path = ViewController.swift; sourceTree = "<group>"; };
		808B885102B08ECCCB33F0D7 /* Pods-SqliteDemo.debug.xcconfig */ = {isa = PBXFileReference; includeInIndex = 1; lastKnownFileType = text.xcconfig; name = "Pods-SqliteDemo.debug.xcconfig"; path = "Target Support Files/Pods-SqliteDemo/Pods-SqliteDemo.debug.xcconfig"; sourceTree = "<group>"; };
		B913DA4FECA789577BB549ED /* Pods-SqliteDemo.release.xcconfig */ = {isa = PBXFileReference; includeInIndex = 1; lastKnownFileType = text.xcconfig; name = "Pods-SqliteDemo.release.xcconfig"; path = "Target Support Files/Pods-SqliteDemo/Pods-SqliteDemo.release.xcconfig"; sourceTree = "<group>"; };
		C6972A3E8481C7B121C3EA68 /* Pods_SqliteDemo.framework */ = {isa = PBXFileReference; explicitFileType = wrapper.framework; includeInIndex = 0; path = Pods_SqliteDemo.framework; sourceTree = BUILT_PRODUCTS_DIR; };
/* End PBXFileReference section */

/* Begin PBXFrameworksBuildPhase section */
		79D8A097255FF194002DB90B /* Frameworks */ = {
			isa = PBXFrameworksBuildPhase;
			buildActionMask = 2147483647;
			files = (
				3999BC87FD79BFD76D00CA0B /* Pods_SqliteDemo.framework in Frameworks */,
			);
			runOnlyForDeploymentPostprocessing = 0;
		};
/* End PBXFrameworksBuildPhase section */

/* Begin PBXGroup section */
		206FFF805BDF4F57C8F538D8 /* Pods */ = {
			isa = PBXGroup;
			children = (
				808B885102B08ECCCB33F0D7 /* Pods-SqliteDemo.debug.xcconfig */,
				B913DA4FECA789577BB549ED /* Pods-SqliteDemo.release.xcconfig */,
			);
			path = Pods;
			sourceTree = "<group>";
		};
		79D8A091255FF194002DB90B = {
			isa = PBXGroup;
			children = (
				79D8A09C255FF194002DB90B /* SqliteDemo */,
				79D8A09B255FF194002DB90B /* Products */,
				206FFF805BDF4F57C8F538D8 /* Pods */,
				FC80EFF41D344D01726EB4B2 /* Frameworks */,
			);
			sourceTree = "<group>";
		};
		79D8A09B255FF194002DB90B /* Products */ = {
			isa = PBXGroup;
			children = (
				79D8A09A255FF194002DB90B /* SqliteDemo.app */,
			);
			name = Products;
			sourceTree = "<group>";
		};
		79D8A09C255FF194002DB90B /* SqliteDemo */ = {
			isa = PBXGroup;
			children = (
				79D8A0B9255FF28A002DB90B /* SqliteUtils */,
				79D8A09D255FF194002DB90B /* AppDelegate.swift */,
				79D8A09F255FF194002DB90B /* SceneDelegate.swift */,
				79D8A0C2255FF2BD002DB90B /* ViewController.swift */,
				79D8A0A3255FF194002DB90B /* Main.storyboard */,
				79D8A0A6255FF195002DB90B /* Assets.xcassets */,
				79D8A0A8255FF195002DB90B /* LaunchScreen.storyboard */,
				79D8A0AB255FF195002DB90B /* Info.plist */,
			);
			path = SqliteDemo;
			sourceTree = "<group>";
		};
		79D8A0B9255FF28A002DB90B /* SqliteUtils */ = {
			isa = PBXGroup;
			children = (
				79D8A0BB255FF2A5002DB90B /* SqliteUtils.swift */,
				79D8A0BE255FF2AE002DB90B /* PersonModel.swift */,
			);
			path = SqliteUtils;
			sourceTree = "<group>";
		};
		FC80EFF41D344D01726EB4B2 /* Frameworks */ = {
			isa = PBXGroup;
			children = (
				C6972A3E8481C7B121C3EA68 /* Pods_SqliteDemo.framework */,
			);
			name = Frameworks;
			sourceTree = "<group>";
		};
/* End PBXGroup section */

/* Begin PBXNativeTarget section */
		79D8A099255FF194002DB90B /* SqliteDemo */ = {
			isa = PBXNativeTarget;
			buildConfigurationList = 79D8A0AE255FF195002DB90B /* Build configuration list for PBXNativeTarget "SqliteDemo" */;
			buildPhases = (
				8666B16F8F321CAB5F4CB407 /* [CP] Check Pods Manifest.lock */,
				79D8A096255FF194002DB90B /* Sources */,
				79D8A097255FF194002DB90B /* Frameworks */,
				79D8A098255FF194002DB90B /* Resources */,
				5FC5B257A3BE52117843305E /* [CP] Embed Pods Frameworks */,
			);
			buildRules = (
			);
			dependencies = (
			);
			name = SqliteDemo;
			productName = SqliteDemo;
			productReference = 79D8A09A255FF194002DB90B /* SqliteDemo.app */;
			productType = "com.apple.product-type.application";
		};
/* End PBXNativeTarget section */

/* Begin PBXProject section */
		79D8A092255FF194002DB90B /* Project object */ = {
			isa = PBXProject;
			attributes = {
				LastSwiftUpdateCheck = 1220;
				LastUpgradeCheck = 1220;
				TargetAttributes = {
					79D8A099255FF194002DB90B = {
						CreatedOnToolsVersion = 12.2;
					};
				};
			};
			buildConfigurationList = 79D8A095255FF194002DB90B /* Build configuration list for PBXProject "SqliteDemo" */;
			compatibilityVersion = "Xcode 9.3";
			developmentRegion = en;
			hasScannedForEncodings = 0;
			knownRegions = (
				en,
				Base,
			);
			mainGroup = 79D8A091255FF194002DB90B;
			productRefGroup = 79D8A09B255FF194002DB90B /* Products */;
			projectDirPath = "";
			projectRoot = "";
			targets = (
				79D8A099255FF194002DB90B /* SqliteDemo */,
			);
		};
/* End PBXProject section */

/* Begin PBXResourcesBuildPhase section */
		79D8A098255FF194002DB90B /* Resources */ = {
			isa = PBXResourcesBuildPhase;
			buildActionMask = 2147483647;
			files = (
				79D8A0AA255FF195002DB90B /* LaunchScreen.storyboard in Resources */,
				79D8A0A7255FF195002DB90B /* Assets.xcassets in Resources */,
				79D8A0A5255FF194002DB90B /* Main.storyboard in Resources */,
			);
			runOnlyForDeploymentPostprocessing = 0;
		};
/* End PBXResourcesBuildPhase section */

/* Begin PBXShellScriptBuildPhase section */
		5FC5B257A3BE52117843305E /* [CP] Embed Pods Frameworks */ = {
			isa = PBXShellScriptBuildPhase;
			buildActionMask = 2147483647;
			files = (
			);
			inputFileListPaths = (
				"${PODS_ROOT}/Target Support Files/Pods-SqliteDemo/Pods-SqliteDemo-frameworks-${CONFIGURATION}-input-files.xcfilelist",
			);
			name = "[CP] Embed Pods Frameworks";
			outputFileListPaths = (
				"${PODS_ROOT}/Target Support Files/Pods-SqliteDemo/Pods-SqliteDemo-frameworks-${CONFIGURATION}-output-files.xcfilelist",
			);
			runOnlyForDeploymentPostprocessing = 0;
			shellPath = /bin/sh;
			shellScript = "\"${PODS_ROOT}/Target Support Files/Pods-SqliteDemo/Pods-SqliteDemo-frameworks.sh\"\n";
			showEnvVarsInLog = 0;
		};
		8666B16F8F321CAB5F4CB407 /* [CP] Check Pods Manifest.lock */ = {
			isa = PBXShellScriptBuildPhase;
			buildActionMask = 2147483647;
			files = (
			);
			inputFileListPaths = (
			);
			inputPaths = (
				"${PODS_PODFILE_DIR_PATH}/Podfile.lock",
				"${PODS_ROOT}/Manifest.lock",
			);
			name = "[CP] Check Pods Manifest.lock";
			outputFileListPaths = (
			);
			outputPaths = (
				"$(DERIVED_FILE_DIR)/Pods-SqliteDemo-checkManifestLockResult.txt",
			);
			runOnlyForDeploymentPostprocessing = 0;
			shellPath = /bin/sh;
			shellScript = "diff \"${PODS_PODFILE_DIR_PATH}/Podfile.lock\" \"${PODS_ROOT}/Manifest.lock\" > /dev/null\nif [ $? != 0 ] ; then\n    # print error to STDERR\n    echo \"error: The sandbox is not in sync with the Podfile.lock. Run 'pod install' or update your CocoaPods installation.\" >&2\n    exit 1\nfi\n# This output is used by Xcode 'outputs' to avoid re-running this script phase.\necho \"SUCCESS\" > \"${SCRIPT_OUTPUT_FILE_0}\"\n";
			showEnvVarsInLog = 0;
		};
/* End PBXShellScriptBuildPhase section */

/* Begin PBXSourcesBuildPhase section */
		79D8A096255FF194002DB90B /* Sources */ = {
			isa = PBXSourcesBuildPhase;
			buildActionMask = 2147483647;
			files = (
				79D8A0C3255FF2BD002DB90B /* ViewController.swift in Sources */,
				79D8A09E255FF194002DB90B /* AppDelegate.swift in Sources */,
				79D8A0BF255FF2AE002DB90B /* PersonModel.swift in Sources */,
				79D8A0A0255FF194002DB90B /* SceneDelegate.swift in Sources */,
				79D8A0BC255FF2A5002DB90B /* SqliteUtils.swift in Sources */,
			);
			runOnlyForDeploymentPostprocessing = 0;
		};
/* End PBXSourcesBuildPhase section */

/* Begin PBXVariantGroup section */
		79D8A0A3255FF194002DB90B /* Main.storyboard */ = {
			isa = PBXVariantGroup;
			children = (
				79D8A0A4255FF194002DB90B /* Base */,
			);
			name = Main.storyboard;
			sourceTree = "<group>";
		};
		79D8A0A8255FF195002DB90B /* LaunchScreen.storyboard */ = {
			isa = PBXVariantGroup;
			children = (
				79D8A0A9255FF195002DB90B /* Base */,
			);
			name = LaunchScreen.storyboard;
			sourceTree = "<group>";
		};
/* End PBXVariantGroup section */

/* Begin XCBuildConfiguration section */
		79D8A0AC255FF195002DB90B /* Debug */ = {
			isa = XCBuildConfiguration;
			buildSettings = {
				ALWAYS_SEARCH_USER_PATHS = NO;
				CLANG_ANALYZER_NONNULL = YES;
				CLANG_ANALYZER_NUMBER_OBJECT_CONVERSION = YES_AGGRESSIVE;
				CLANG_CXX_LANGUAGE_STANDARD = "gnu++14";
				CLANG_CXX_LIBRARY = "libc++";
				CLANG_ENABLE_MODULES = YES;
				CLANG_ENABLE_OBJC_ARC = YES;
				CLANG_ENABLE_OBJC_WEAK = YES;
				CLANG_WARN_BLOCK_CAPTURE_AUTORELEASING = YES;
				CLANG_WARN_BOOL_CONVERSION = YES;
				CLANG_WARN_COMMA = YES;
				CLANG_WARN_CONSTANT_CONVERSION = YES;
				CLANG_WARN_DEPRECATED_OBJC_IMPLEMENTATIONS = YES;
				CLANG_WARN_DIRECT_OBJC_ISA_USAGE = YES_ERROR;
				CLANG_WARN_DOCUMENTATION_COMMENTS = YES;
				CLANG_WARN_EMPTY_BODY = YES;
				CLANG_WARN_ENUM_CONVERSION = YES;
				CLANG_WARN_INFINITE_RECURSION = YES;
				CLANG_WARN_INT_CONVERSION = YES;
				CLANG_WARN_NON_LITERAL_NULL_CONVERSION = YES;
				CLANG_WARN_OBJC_IMPLICIT_RETAIN_SELF = YES;
				CLANG_WARN_OBJC_LITERAL_CONVERSION = YES;
				CLANG_WARN_OBJC_ROOT_CLASS = YES_ERROR;
				CLANG_WARN_QUOTED_INCLUDE_IN_FRAMEWORK_HEADER = YES;
				CLANG_WARN_RANGE_LOOP_ANALYSIS = YES;
				CLANG_WARN_STRICT_PROTOTYPES = YES;
				CLANG_WARN_SUSPICIOUS_MOVE = YES;
				CLANG_WARN_UNGUARDED_AVAILABILITY = YES_AGGRESSIVE;
				CLANG_WARN_UNREACHABLE_CODE = YES;
				CLANG_WARN__DUPLICATE_METHOD_MATCH = YES;
				COPY_PHASE_STRIP = NO;
				DEBUG_INFORMATION_FORMAT = dwarf;
				ENABLE_STRICT_OBJC_MSGSEND = YES;
				ENABLE_TESTABILITY = YES;
				GCC_C_LANGUAGE_STANDARD = gnu11;
				GCC_DYNAMIC_NO_PIC = NO;
				GCC_NO_COMMON_BLOCKS = YES;
				GCC_OPTIMIZATION_LEVEL = 0;
				GCC_PREPROCESSOR_DEFINITIONS = (
					"DEBUG=1",
					"$(inherited)",
				);
				GCC_WARN_64_TO_32_BIT_CONVERSION = YES;
				GCC_WARN_ABOUT_RETURN_TYPE = YES_ERROR;
				GCC_WARN_UNDECLARED_SELECTOR = YES;
				GCC_WARN_UNINITIALIZED_AUTOS = YES_AGGRESSIVE;
				GCC_WARN_UNUSED_FUNCTION = YES;
				GCC_WARN_UNUSED_VARIABLE = YES;
				IPHONEOS_DEPLOYMENT_TARGET = 14.2;
				MTL_ENABLE_DEBUG_INFO = INCLUDE_SOURCE;
				MTL_FAST_MATH = YES;
				ONLY_ACTIVE_ARCH = YES;
				SDKROOT = iphoneos;
				SWIFT_ACTIVE_COMPILATION_CONDITIONS = DEBUG;
				SWIFT_OPTIMIZATION_LEVEL = "-Onone";
			};
			name = Debug;
		};
		79D8A0AD255FF195002DB90B /* Release */ = {
			isa = XCBuildConfiguration;
			buildSettings = {
				ALWAYS_SEARCH_USER_PATHS = NO;
				CLANG_ANALYZER_NONNULL = YES;
				CLANG_ANALYZER_NUMBER_OBJECT_CONVERSION = YES_AGGRESSIVE;
				CLANG_CXX_LANGUAGE_STANDARD = "gnu++14";
				CLANG_CXX_LIBRARY = "libc++";
				CLANG_ENABLE_MODULES = YES;
				CLANG_ENABLE_OBJC_ARC = YES;
				CLANG_ENABLE_OBJC_WEAK = YES;
				CLANG_WARN_BLOCK_CAPTURE_AUTORELEASING = YES;
				CLANG_WARN_BOOL_CONVERSION = YES;
				CLANG_WARN_COMMA = YES;
				CLANG_WARN_CONSTANT_CONVERSION = YES;
				CLANG_WARN_DEPRECATED_OBJC_IMPLEMENTATIONS = YES;
				CLANG_WARN_DIRECT_OBJC_ISA_USAGE = YES_ERROR;
				CLANG_WARN_DOCUMENTATION_COMMENTS = YES;
				CLANG_WARN_EMPTY_BODY = YES;
				CLANG_WARN_ENUM_CONVERSION = YES;
				CLANG_WARN_INFINITE_RECURSION = YES;
				CLANG_WARN_INT_CONVERSION = YES;
				CLANG_WARN_NON_LITERAL_NULL_CONVERSION = YES;
				CLANG_WARN_OBJC_IMPLICIT_RETAIN_SELF = YES;
				CLANG_WARN_OBJC_LITERAL_CONVERSION = YES;
				CLANG_WARN_OBJC_ROOT_CLASS = YES_ERROR;
				CLANG_WARN_QUOTED_INCLUDE_IN_FRAMEWORK_HEADER = YES;
				CLANG_WARN_RANGE_LOOP_ANALYSIS = YES;
				CLANG_WARN_STRICT_PROTOTYPES = YES;
				CLANG_WARN_SUSPICIOUS_MOVE = YES;
				CLANG_WARN_UNGUARDED_AVAILABILITY = YES_AGGRESSIVE;
				CLANG_WARN_UNREACHABLE_CODE = YES;
				CLANG_WARN__DUPLICATE_METHOD_MATCH = YES;
				COPY_PHASE_STRIP = NO;
				DEBUG_INFORMATION_FORMAT = "dwarf-with-dsym";
				ENABLE_NS_ASSERTIONS = NO;
				ENABLE_STRICT_OBJC_MSGSEND = YES;
				GCC_C_LANGUAGE_STANDARD = gnu11;
				GCC_NO_COMMON_BLOCKS = YES;
				GCC_WARN_64_TO_32_BIT_CONVERSION = YES;
				GCC_WARN_ABOUT_RETURN_TYPE = YES_ERROR;
				GCC_WARN_UNDECLARED_SELECTOR = YES;
				GCC_WARN_UNINITIALIZED_AUTOS = YES_AGGRESSIVE;
				GCC_WARN_UNUSED_FUNCTION = YES;
				GCC_WARN_UNUSED_VARIABLE = YES;
				IPHONEOS_DEPLOYMENT_TARGET = 14.2;
				MTL_ENABLE_DEBUG_INFO = NO;
				MTL_FAST_MATH = YES;
				SDKROOT = iphoneos;
				SWIFT_COMPILATION_MODE = wholemodule;
				SWIFT_OPTIMIZATION_LEVEL = "-O";
				VALIDATE_PRODUCT = YES;
			};
			name = Release;
		};
		79D8A0AF255FF195002DB90B /* Debug */ = {
			isa = XCBuildConfiguration;
			baseConfigurationReference = 808B885102B08ECCCB33F0D7 /* Pods-SqliteDemo.debug.xcconfig */;
			buildSettings = {
				ASSETCATALOG_COMPILER_APPICON_NAME = AppIcon;
				ASSETCATALOG_COMPILER_GLOBAL_ACCENT_COLOR_NAME = AccentColor;
				CODE_SIGN_STYLE = Automatic;
				DEVELOPMENT_TEAM = L5Y442FJFB;
				INFOPLIST_FILE = SqliteDemo/Info.plist;
				LD_RUNPATH_SEARCH_PATHS = (
					"$(inherited)",
					"@executable_path/Frameworks",
				);
				PRODUCT_BUNDLE_IDENTIFIER = com.ans96283.SqliteDemo;
				PRODUCT_NAME = "$(TARGET_NAME)";
				SWIFT_VERSION = 5.0;
				TARGETED_DEVICE_FAMILY = "1,2";
			};
			name = Debug;
		};
		79D8A0B0255FF195002DB90B /* Release */ = {
			isa = XCBuildConfiguration;
			baseConfigurationReference = B913DA4FECA789577BB549ED /* Pods-SqliteDemo.release.xcconfig */;
			buildSettings = {
				ASSETCATALOG_COMPILER_APPICON_NAME = AppIcon;
				ASSETCATALOG_COMPILER_GLOBAL_ACCENT_COLOR_NAME = AccentColor;
				CODE_SIGN_STYLE = Automatic;
				DEVELOPMENT_TEAM = L5Y442FJFB;
				INFOPLIST_FILE = SqliteDemo/Info.plist;
				LD_RUNPATH_SEARCH_PATHS = (
					"$(inherited)",
					"@executable_path/Frameworks",
				);
				PRODUCT_BUNDLE_IDENTIFIER = com.ans96283.SqliteDemo;
				PRODUCT_NAME = "$(TARGET_NAME)";
				SWIFT_VERSION = 5.0;
				TARGETED_DEVICE_FAMILY = "1,2";
			};
			name = Release;
		};
/* End XCBuildConfiguration section */

/* Begin XCConfigurationList section */
		79D8A095255FF194002DB90B /* Build configuration list for PBXProject "SqliteDemo" */ = {
			isa = XCConfigurationList;
			buildConfigurations = (
				79D8A0AC255FF195002DB90B /* Debug */,
				79D8A0AD255FF195002DB90B /* Release */,
			);
			defaultConfigurationIsVisible = 0;
			defaultConfigurationName = Release;
		};
		79D8A0AE255FF195002DB90B /* Build configuration list for PBXNativeTarget "SqliteDemo" */ = {
			isa = XCConfigurationList;
			buildConfigurations = (
				79D8A0AF255FF195002DB90B /* Debug */,
				79D8A0B0255FF195002DB90B /* Release */,
			);
			defaultConfigurationIsVisible = 0;
			defaultConfigurationName = Release;
		};
/* End XCConfigurationList section */
	};
	rootObject = 79D8A092255FF194002DB90B /* Project object */;
}
